// !$*UTF8*$!
{
	archiveVersion = 1;
	classes = {
	};
	objectVersion = 46;
	objects = {

/* Begin PBXBuildFile section */
		732B3A2A1E91DDBC002B31A9 /* FeedViewController.swift in Sources */ = {isa = PBXBuildFile; fileRef = 732B3A291E91DDBC002B31A9 /* FeedViewController.swift */; };
		732B3A321E928940002B31A9 /* LaunchScreen.storyboard in Resources */ = {isa = PBXBuildFile; fileRef = 732B3A2E1E928940002B31A9 /* LaunchScreen.storyboard */; };
		732B3A331E928940002B31A9 /* Main.storyboard in Resources */ = {isa = PBXBuildFile; fileRef = 732B3A301E928940002B31A9 /* Main.storyboard */; };
		732B3A361E928A08002B31A9 /* SubmissionCollectionViewCell.xib in Resources */ = {isa = PBXBuildFile; fileRef = 732B3A341E928A08002B31A9 /* SubmissionCollectionViewCell.xib */; };
		732B3A381E928D98002B31A9 /* SubmissionCollectionViewCell.swift in Sources */ = {isa = PBXBuildFile; fileRef = 732B3A371E928D98002B31A9 /* SubmissionCollectionViewCell.swift */; };
		73364C281ED6A83E0057DE6C /* UIColorExtension.swift in Sources */ = {isa = PBXBuildFile; fileRef = 73364C271ED6A83E0057DE6C /* UIColorExtension.swift */; };
		736E78B51E6CCB56007C7EA8 /* GoogleService-Info.plist in Resources */ = {isa = PBXBuildFile; fileRef = 736E78B41E6CCB56007C7EA8 /* GoogleService-Info.plist */; };
		736E78B71E6CCB94007C7EA8 /* FirebaseController.swift in Sources */ = {isa = PBXBuildFile; fileRef = 736E78B61E6CCB94007C7EA8 /* FirebaseController.swift */; };
		737241461E4EBFD6006F6E49 /* AppDelegate.swift in Sources */ = {isa = PBXBuildFile; fileRef = 737241451E4EBFD6006F6E49 /* AppDelegate.swift */; };
		7372414D1E4EBFD6006F6E49 /* Assets.xcassets in Resources */ = {isa = PBXBuildFile; fileRef = 7372414C1E4EBFD6006F6E49 /* Assets.xcassets */; };
		7384B47F1EB91C3E005F4E4B /* FacebookAPIController.swift in Sources */ = {isa = PBXBuildFile; fileRef = 7384B47E1EB91C3E005F4E4B /* FacebookAPIController.swift */; };
		7384B4871EBADF40005F4E4B /* NetworkController+Meme.swift in Sources */ = {isa = PBXBuildFile; fileRef = 7384B4861EBADF40005F4E4B /* NetworkController+Meme.swift */; };
		7384B4891EBAF136005F4E4B /* Generator.swift in Sources */ = {isa = PBXBuildFile; fileRef = 7384B4881EBAF136005F4E4B /* Generator.swift */; };
		738D3ACB1ECEB691006EA799 /* AutoClassNameable.swift in Sources */ = {isa = PBXBuildFile; fileRef = 738D3ACA1ECEB691006EA799 /* AutoClassNameable.swift */; };
		7396E0471E90A9B500EEB6FE /* Controller.swift in Sources */ = {isa = PBXBuildFile; fileRef = 7396E0461E90A9B500EEB6FE /* Controller.swift */; };
		739D87E61ED51FF50094C835 /* ProfileViewController.swift in Sources */ = {isa = PBXBuildFile; fileRef = 739D87E51ED51FF50094C835 /* ProfileViewController.swift */; };
		739D87E81ED54DF50094C835 /* CloudKitManager.swift in Sources */ = {isa = PBXBuildFile; fileRef = 739D87E71ED54DF50094C835 /* CloudKitManager.swift */; };
		739D87EA1ED54E170094C835 /* CloudKit.framework in Frameworks */ = {isa = PBXBuildFile; fileRef = 739D87E91ED54E170094C835 /* CloudKit.framework */; };
		73A6C7241E8615AD00751051 /* FirebaseController+Meme.swift in Sources */ = {isa = PBXBuildFile; fileRef = 73A6C7231E8615AD00751051 /* FirebaseController+Meme.swift */; };
		73A6C7261E862B3300751051 /* DateHelper.swift in Sources */ = {isa = PBXBuildFile; fileRef = 73A6C7251E862B3300751051 /* DateHelper.swift */; };
		73B5A1B81E6CBA5400ED8EDB /* Meme.swift in Sources */ = {isa = PBXBuildFile; fileRef = 73B5A1B71E6CBA5400ED8EDB /* Meme.swift */; };
		73B5A1BA1E6CBA7700ED8EDB /* User.swift in Sources */ = {isa = PBXBuildFile; fileRef = 73B5A1B91E6CBA7700ED8EDB /* User.swift */; };
		73B5A1BC1E6CBAD300ED8EDB /* Submission.swift in Sources */ = {isa = PBXBuildFile; fileRef = 73B5A1BB1E6CBAD300ED8EDB /* Submission.swift */; };
		73B5A1BE1E6CBB0B00ED8EDB /* Vote.swift in Sources */ = {isa = PBXBuildFile; fileRef = 73B5A1BD1E6CBB0B00ED8EDB /* Vote.swift */; };
		73BDFCD81E9365C70019CB57 /* NSNotification+Meme.swift in Sources */ = {isa = PBXBuildFile; fileRef = 73BDFCD71E9365C70019CB57 /* NSNotification+Meme.swift */; };
		73BDFCDC1E9458400019CB57 /* NetworkController.swift in Sources */ = {isa = PBXBuildFile; fileRef = 73BDFCDB1E9458400019CB57 /* NetworkController.swift */; };
		73BE1B261E8A28F90088CC03 /* MemeController.swift in Sources */ = {isa = PBXBuildFile; fileRef = 73BE1B251E8A28F90088CC03 /* MemeController.swift */; };
		73BE1B281E8A292D0088CC03 /* UserController.swift in Sources */ = {isa = PBXBuildFile; fileRef = 73BE1B271E8A292D0088CC03 /* UserController.swift */; };
		73BE1B2A1E8A29330088CC03 /* SubmissionController.swift in Sources */ = {isa = PBXBuildFile; fileRef = 73BE1B291E8A29330088CC03 /* SubmissionController.swift */; };
		73BE1B2C1E8A293B0088CC03 /* VoteController.swift in Sources */ = {isa = PBXBuildFile; fileRef = 73BE1B2B1E8A293B0088CC03 /* VoteController.swift */; };
		73BE1B541E8D5B0E0088CC03 /* Bolts.framework in Frameworks */ = {isa = PBXBuildFile; fileRef = 73BE1B501E8D5B0D0088CC03 /* Bolts.framework */; };
		73BE1B551E8D5B0E0088CC03 /* FBSDKCoreKit.framework in Frameworks */ = {isa = PBXBuildFile; fileRef = 73BE1B511E8D5B0E0088CC03 /* FBSDKCoreKit.framework */; };
		73BE1B561E8D5B0E0088CC03 /* FBSDKLoginKit.framework in Frameworks */ = {isa = PBXBuildFile; fileRef = 73BE1B521E8D5B0E0088CC03 /* FBSDKLoginKit.framework */; };
		73BE1B571E8D5B0E0088CC03 /* FBSDKShareKit.framework in Frameworks */ = {isa = PBXBuildFile; fileRef = 73BE1B531E8D5B0E0088CC03 /* FBSDKShareKit.framework */; };
		73F132FF1ED5ED6000B102F8 /* ColorView.swift in Sources */ = {isa = PBXBuildFile; fileRef = 73F132FE1ED5ED6000B102F8 /* ColorView.swift */; };
		73F3AB991ED153060073456C /* NewSubmissionViewController.swift in Sources */ = {isa = PBXBuildFile; fileRef = 73F3AB981ED153060073456C /* NewSubmissionViewController.swift */; };
		89ED5B23312C72F93779F2D0 /* Pods_TheFinalProject.framework in Frameworks */ = {isa = PBXBuildFile; fileRef = 11CCB1A462909B5995830A4C /* Pods_TheFinalProject.framework */; };
/* End PBXBuildFile section */

/* Begin PBXFileReference section */
		11CCB1A462909B5995830A4C /* Pods_TheFinalProject.framework */ = {isa = PBXFileReference; explicitFileType = wrapper.framework; includeInIndex = 0; path = Pods_TheFinalProject.framework; sourceTree = BUILT_PRODUCTS_DIR; };
		2351777A5C420DBDA888BFE9 /* Pods-TheFinalProject.release.xcconfig */ = {isa = PBXFileReference; includeInIndex = 1; lastKnownFileType = text.xcconfig; name = "Pods-TheFinalProject.release.xcconfig"; path = "Pods/Target Support Files/Pods-TheFinalProject/Pods-TheFinalProject.release.xcconfig"; sourceTree = "<group>"; };
		732B3A291E91DDBC002B31A9 /* FeedViewController.swift */ = {isa = PBXFileReference; fileEncoding = 4; lastKnownFileType = sourcecode.swift; path = FeedViewController.swift; sourceTree = "<group>"; };
		732B3A2F1E928940002B31A9 /* Base */ = {isa = PBXFileReference; lastKnownFileType = file.storyboard; name = Base; path = LaunchScreen.storyboard; sourceTree = "<group>"; };
		732B3A311E928940002B31A9 /* Base */ = {isa = PBXFileReference; lastKnownFileType = file.storyboard; name = Base; path = Main.storyboard; sourceTree = "<group>"; };
		732B3A351E928A08002B31A9 /* Base */ = {isa = PBXFileReference; lastKnownFileType = file.xib; name = Base; path = SubmissionCollectionViewCell.xib; sourceTree = "<group>"; };
		732B3A371E928D98002B31A9 /* SubmissionCollectionViewCell.swift */ = {isa = PBXFileReference; fileEncoding = 4; lastKnownFileType = sourcecode.swift; path = SubmissionCollectionViewCell.swift; sourceTree = "<group>"; };
		73364C271ED6A83E0057DE6C /* UIColorExtension.swift */ = {isa = PBXFileReference; fileEncoding = 4; lastKnownFileType = sourcecode.swift; path = UIColorExtension.swift; sourceTree = "<group>"; };
		733ED1C11E8DFB5A006DBCCD /* FBLogin.swift */ = {isa = PBXFileReference; fileEncoding = 4; lastKnownFileType = sourcecode.swift; path = FBLogin.swift; sourceTree = "<group>"; };
		733ED1C31E8E19B8006DBCCD /* TheFinalProject.entitlements */ = {isa = PBXFileReference; lastKnownFileType = text.plist.entitlements; path = TheFinalProject.entitlements; sourceTree = "<group>"; };
		736E78B41E6CCB56007C7EA8 /* GoogleService-Info.plist */ = {isa = PBXFileReference; fileEncoding = 4; lastKnownFileType = text.plist.xml; path = "GoogleService-Info.plist"; sourceTree = "<group>"; };
		736E78B61E6CCB94007C7EA8 /* FirebaseController.swift */ = {isa = PBXFileReference; fileEncoding = 4; lastKnownFileType = sourcecode.swift; name = FirebaseController.swift; path = ../FirebaseController.swift; sourceTree = "<group>"; };
		737241421E4EBFD6006F6E49 /* TheFinalProject.app */ = {isa = PBXFileReference; explicitFileType = wrapper.application; includeInIndex = 0; path = TheFinalProject.app; sourceTree = BUILT_PRODUCTS_DIR; };
		737241451E4EBFD6006F6E49 /* AppDelegate.swift */ = {isa = PBXFileReference; lastKnownFileType = sourcecode.swift; path = AppDelegate.swift; sourceTree = "<group>"; };
		7372414C1E4EBFD6006F6E49 /* Assets.xcassets */ = {isa = PBXFileReference; lastKnownFileType = folder.assetcatalog; path = Assets.xcassets; sourceTree = "<group>"; };
		737241511E4EBFD6006F6E49 /* Info.plist */ = {isa = PBXFileReference; lastKnownFileType = text.plist.xml; path = Info.plist; sourceTree = "<group>"; };
		7384B47E1EB91C3E005F4E4B /* FacebookAPIController.swift */ = {isa = PBXFileReference; fileEncoding = 4; lastKnownFileType = sourcecode.swift; path = FacebookAPIController.swift; sourceTree = "<group>"; };
		7384B4861EBADF40005F4E4B /* NetworkController+Meme.swift */ = {isa = PBXFileReference; fileEncoding = 4; lastKnownFileType = sourcecode.swift; path = "NetworkController+Meme.swift"; sourceTree = "<group>"; };
		7384B4881EBAF136005F4E4B /* Generator.swift */ = {isa = PBXFileReference; fileEncoding = 4; lastKnownFileType = sourcecode.swift; path = Generator.swift; sourceTree = "<group>"; };
		738D3ACA1ECEB691006EA799 /* AutoClassNameable.swift */ = {isa = PBXFileReference; fileEncoding = 4; lastKnownFileType = sourcecode.swift; path = AutoClassNameable.swift; sourceTree = "<group>"; };
		7396E0461E90A9B500EEB6FE /* Controller.swift */ = {isa = PBXFileReference; fileEncoding = 4; lastKnownFileType = sourcecode.swift; path = Controller.swift; sourceTree = "<group>"; };
		739D87E51ED51FF50094C835 /* ProfileViewController.swift */ = {isa = PBXFileReference; fileEncoding = 4; lastKnownFileType = sourcecode.swift; path = ProfileViewController.swift; sourceTree = "<group>"; };
		739D87E71ED54DF50094C835 /* CloudKitManager.swift */ = {isa = PBXFileReference; fileEncoding = 4; lastKnownFileType = sourcecode.swift; path = CloudKitManager.swift; sourceTree = "<group>"; };
		739D87E91ED54E170094C835 /* CloudKit.framework */ = {isa = PBXFileReference; lastKnownFileType = wrapper.framework; name = CloudKit.framework; path = System/Library/Frameworks/CloudKit.framework; sourceTree = SDKROOT; };
		73A6C7231E8615AD00751051 /* FirebaseController+Meme.swift */ = {isa = PBXFileReference; fileEncoding = 4; lastKnownFileType = sourcecode.swift; path = "FirebaseController+Meme.swift"; sourceTree = "<group>"; };
		73A6C7251E862B3300751051 /* DateHelper.swift */ = {isa = PBXFileReference; fileEncoding = 4; lastKnownFileType = sourcecode.swift; path = DateHelper.swift; sourceTree = "<group>"; };
		73B5A1B71E6CBA5400ED8EDB /* Meme.swift */ = {isa = PBXFileReference; fileEncoding = 4; lastKnownFileType = sourcecode.swift; path = Meme.swift; sourceTree = "<group>"; };
		73B5A1B91E6CBA7700ED8EDB /* User.swift */ = {isa = PBXFileReference; fileEncoding = 4; lastKnownFileType = sourcecode.swift; path = User.swift; sourceTree = "<group>"; };
		73B5A1BB1E6CBAD300ED8EDB /* Submission.swift */ = {isa = PBXFileReference; fileEncoding = 4; lastKnownFileType = sourcecode.swift; path = Submission.swift; sourceTree = "<group>"; };
		73B5A1BD1E6CBB0B00ED8EDB /* Vote.swift */ = {isa = PBXFileReference; fileEncoding = 4; lastKnownFileType = sourcecode.swift; path = Vote.swift; sourceTree = "<group>"; };
		73BDFCD71E9365C70019CB57 /* NSNotification+Meme.swift */ = {isa = PBXFileReference; fileEncoding = 4; lastKnownFileType = sourcecode.swift; path = "NSNotification+Meme.swift"; sourceTree = "<group>"; };
		73BDFCDB1E9458400019CB57 /* NetworkController.swift */ = {isa = PBXFileReference; fileEncoding = 4; lastKnownFileType = sourcecode.swift; path = NetworkController.swift; sourceTree = "<group>"; };
		73BE1B251E8A28F90088CC03 /* MemeController.swift */ = {isa = PBXFileReference; fileEncoding = 4; lastKnownFileType = sourcecode.swift; path = MemeController.swift; sourceTree = "<group>"; };
		73BE1B271E8A292D0088CC03 /* UserController.swift */ = {isa = PBXFileReference; fileEncoding = 4; lastKnownFileType = sourcecode.swift; path = UserController.swift; sourceTree = "<group>"; };
		73BE1B291E8A29330088CC03 /* SubmissionController.swift */ = {isa = PBXFileReference; fileEncoding = 4; lastKnownFileType = sourcecode.swift; path = SubmissionController.swift; sourceTree = "<group>"; };
		73BE1B2B1E8A293B0088CC03 /* VoteController.swift */ = {isa = PBXFileReference; fileEncoding = 4; lastKnownFileType = sourcecode.swift; path = VoteController.swift; sourceTree = "<group>"; };
		73BE1B501E8D5B0D0088CC03 /* Bolts.framework */ = {isa = PBXFileReference; lastKnownFileType = wrapper.framework; name = Bolts.framework; path = "FacebookSDKs-iOS-4.20.2/Bolts.framework"; sourceTree = "<group>"; };
		73BE1B511E8D5B0E0088CC03 /* FBSDKCoreKit.framework */ = {isa = PBXFileReference; lastKnownFileType = wrapper.framework; name = FBSDKCoreKit.framework; path = "FacebookSDKs-iOS-4.20.2/FBSDKCoreKit.framework"; sourceTree = "<group>"; };
		73BE1B521E8D5B0E0088CC03 /* FBSDKLoginKit.framework */ = {isa = PBXFileReference; lastKnownFileType = wrapper.framework; name = FBSDKLoginKit.framework; path = "FacebookSDKs-iOS-4.20.2/FBSDKLoginKit.framework"; sourceTree = "<group>"; };
		73BE1B531E8D5B0E0088CC03 /* FBSDKShareKit.framework */ = {isa = PBXFileReference; lastKnownFileType = wrapper.framework; name = FBSDKShareKit.framework; path = "FacebookSDKs-iOS-4.20.2/FBSDKShareKit.framework"; sourceTree = "<group>"; };
		73F132FE1ED5ED6000B102F8 /* ColorView.swift */ = {isa = PBXFileReference; fileEncoding = 4; lastKnownFileType = sourcecode.swift; path = ColorView.swift; sourceTree = "<group>"; };
		73F3AB981ED153060073456C /* NewSubmissionViewController.swift */ = {isa = PBXFileReference; fileEncoding = 4; lastKnownFileType = sourcecode.swift; path = NewSubmissionViewController.swift; sourceTree = "<group>"; };
		A7FA2A60A6F6DB713F75FA9F /* Pods-TheFinalProject.debug.xcconfig */ = {isa = PBXFileReference; includeInIndex = 1; lastKnownFileType = text.xcconfig; name = "Pods-TheFinalProject.debug.xcconfig"; path = "Pods/Target Support Files/Pods-TheFinalProject/Pods-TheFinalProject.debug.xcconfig"; sourceTree = "<group>"; };
/* End PBXFileReference section */

/* Begin PBXFrameworksBuildPhase section */
		7372413F1E4EBFD6006F6E49 /* Frameworks */ = {
			isa = PBXFrameworksBuildPhase;
			buildActionMask = 2147483647;
			files = (
				73BE1B551E8D5B0E0088CC03 /* FBSDKCoreKit.framework in Frameworks */,
				73BE1B571E8D5B0E0088CC03 /* FBSDKShareKit.framework in Frameworks */,
				739D87EA1ED54E170094C835 /* CloudKit.framework in Frameworks */,
				73BE1B561E8D5B0E0088CC03 /* FBSDKLoginKit.framework in Frameworks */,
				73BE1B541E8D5B0E0088CC03 /* Bolts.framework in Frameworks */,
				89ED5B23312C72F93779F2D0 /* Pods_TheFinalProject.framework in Frameworks */,
			);
			runOnlyForDeploymentPostprocessing = 0;
		};
/* End PBXFrameworksBuildPhase section */

/* Begin PBXGroup section */
		522D7ED6DC93ACDE77FF0C45 /* Pods */ = {
			isa = PBXGroup;
			children = (
				A7FA2A60A6F6DB713F75FA9F /* Pods-TheFinalProject.debug.xcconfig */,
				2351777A5C420DBDA888BFE9 /* Pods-TheFinalProject.release.xcconfig */,
			);
			name = Pods;
			sourceTree = "<group>";
		};
		732B3A2D1E928940002B31A9 /* Base.lproj */ = {
			isa = PBXGroup;
			children = (
				732B3A2E1E928940002B31A9 /* LaunchScreen.storyboard */,
				732B3A301E928940002B31A9 /* Main.storyboard */,
				732B3A341E928A08002B31A9 /* SubmissionCollectionViewCell.xib */,
			);
			path = Base.lproj;
			sourceTree = "<group>";
		};
		737241391E4EBFD6006F6E49 = {
			isa = PBXGroup;
			children = (
				737241441E4EBFD6006F6E49 /* TheFinalProject */,
				737241431E4EBFD6006F6E49 /* Products */,
				89CBE5B4DD597B1A638A17C0 /* Frameworks */,
				522D7ED6DC93ACDE77FF0C45 /* Pods */,
			);
			sourceTree = "<group>";
		};
		737241431E4EBFD6006F6E49 /* Products */ = {
			isa = PBXGroup;
			children = (
				737241421E4EBFD6006F6E49 /* TheFinalProject.app */,
			);
			name = Products;
			sourceTree = "<group>";
		};
		737241441E4EBFD6006F6E49 /* TheFinalProject */ = {
			isa = PBXGroup;
			children = (
				733ED1C31E8E19B8006DBCCD /* TheFinalProject.entitlements */,
				737241451E4EBFD6006F6E49 /* AppDelegate.swift */,
				733ED1C11E8DFB5A006DBCCD /* FBLogin.swift */,
				73B5A1B31E6CB9DF00ED8EDB /* Model */,
				732B3A2D1E928940002B31A9 /* Base.lproj */,
				73B5A1B61E6CB9FF00ED8EDB /* View */,
				73B5A1B51E6CB9F600ED8EDB /* Controllers */,
				73B5A1B41E6CB9F000ED8EDB /* Resources */,
			);
			path = TheFinalProject;
			sourceTree = "<group>";
		};
		73B5A1B31E6CB9DF00ED8EDB /* Model */ = {
			isa = PBXGroup;
			children = (
				7384B4881EBAF136005F4E4B /* Generator.swift */,
				73B5A1B71E6CBA5400ED8EDB /* Meme.swift */,
				73B5A1BB1E6CBAD300ED8EDB /* Submission.swift */,
				73B5A1B91E6CBA7700ED8EDB /* User.swift */,
				73B5A1BD1E6CBB0B00ED8EDB /* Vote.swift */,
			);
			name = Model;
			sourceTree = "<group>";
		};
		73B5A1B41E6CB9F000ED8EDB /* Resources */ = {
			isa = PBXGroup;
			children = (
				739D87E71ED54DF50094C835 /* CloudKitManager.swift */,
				738D3ACA1ECEB691006EA799 /* AutoClassNameable.swift */,
				73F132FE1ED5ED6000B102F8 /* ColorView.swift */,
				73364C271ED6A83E0057DE6C /* UIColorExtension.swift */,
				73BDFCD71E9365C70019CB57 /* NSNotification+Meme.swift */,
				73A6C7251E862B3300751051 /* DateHelper.swift */,
				737241511E4EBFD6006F6E49 /* Info.plist */,
				7372414C1E4EBFD6006F6E49 /* Assets.xcassets */,
			);
			name = Resources;
			sourceTree = "<group>";
		};
		73B5A1B51E6CB9F600ED8EDB /* Controllers */ = {
			isa = PBXGroup;
			children = (
				7396E0461E90A9B500EEB6FE /* Controller.swift */,
				736E78B61E6CCB94007C7EA8 /* FirebaseController.swift */,
				7384B47E1EB91C3E005F4E4B /* FacebookAPIController.swift */,
				73A6C7231E8615AD00751051 /* FirebaseController+Meme.swift */,
				73BDFCDB1E9458400019CB57 /* NetworkController.swift */,
				7384B4861EBADF40005F4E4B /* NetworkController+Meme.swift */,
				73BE1B251E8A28F90088CC03 /* MemeController.swift */,
				73BE1B291E8A29330088CC03 /* SubmissionController.swift */,
				73BE1B271E8A292D0088CC03 /* UserController.swift */,
				73BE1B2B1E8A293B0088CC03 /* VoteController.swift */,
			);
			name = Controllers;
			sourceTree = "<group>";
		};
		73B5A1B61E6CB9FF00ED8EDB /* View */ = {
			isa = PBXGroup;
			children = (
				73F3AB981ED153060073456C /* NewSubmissionViewController.swift */,
				739D87E51ED51FF50094C835 /* ProfileViewController.swift */,
				732B3A291E91DDBC002B31A9 /* FeedViewController.swift */,
				732B3A371E928D98002B31A9 /* SubmissionCollectionViewCell.swift */,
			);
			name = View;
			sourceTree = "<group>";
		};
		89CBE5B4DD597B1A638A17C0 /* Frameworks */ = {
			isa = PBXGroup;
			children = (
				739D87E91ED54E170094C835 /* CloudKit.framework */,
				73BE1B501E8D5B0D0088CC03 /* Bolts.framework */,
				73BE1B511E8D5B0E0088CC03 /* FBSDKCoreKit.framework */,
				73BE1B521E8D5B0E0088CC03 /* FBSDKLoginKit.framework */,
				73BE1B531E8D5B0E0088CC03 /* FBSDKShareKit.framework */,
				736E78B41E6CCB56007C7EA8 /* GoogleService-Info.plist */,
				11CCB1A462909B5995830A4C /* Pods_TheFinalProject.framework */,
			);
			name = Frameworks;
			sourceTree = "<group>";
		};
/* End PBXGroup section */

/* Begin PBXNativeTarget section */
		737241411E4EBFD6006F6E49 /* TheFinalProject */ = {
			isa = PBXNativeTarget;
			buildConfigurationList = 737241541E4EBFD6006F6E49 /* Build configuration list for PBXNativeTarget "TheFinalProject" */;
			buildPhases = (
				989E7078801B72B2D7FF6EC0 /* [CP] Check Pods Manifest.lock */,
				7372413E1E4EBFD6006F6E49 /* Sources */,
				7372413F1E4EBFD6006F6E49 /* Frameworks */,
				737241401E4EBFD6006F6E49 /* Resources */,
				0A3912E80A49F00A1F9E6F32 /* [CP] Embed Pods Frameworks */,
				6507DF9CA1921F2B627486C1 /* [CP] Copy Pods Resources */,
			);
			buildRules = (
			);
			dependencies = (
			);
			name = TheFinalProject;
			productName = TheFinalProject;
			productReference = 737241421E4EBFD6006F6E49 /* TheFinalProject.app */;
			productType = "com.apple.product-type.application";
		};
/* End PBXNativeTarget section */

/* Begin PBXProject section */
		7372413A1E4EBFD6006F6E49 /* Project object */ = {
			isa = PBXProject;
			attributes = {
				LastSwiftUpdateCheck = 0820;
				LastUpgradeCheck = 0820;
				ORGANIZATIONNAME = "Michael Castillo";
				TargetAttributes = {
					737241411E4EBFD6006F6E49 = {
						CreatedOnToolsVersion = 8.2.1;
						DevelopmentTeam = 4UKSSV9PZ8;
						ProvisioningStyle = Automatic;
						SystemCapabilities = {
							com.apple.Keychain = {
								enabled = 1;
							};
							com.apple.Push = {
								enabled = 1;
							};
							com.apple.iCloud = {
								enabled = 1;
							};
						};
					};
				};
			};
			buildConfigurationList = 7372413D1E4EBFD6006F6E49 /* Build configuration list for PBXProject "TheFinalProject" */;
			compatibilityVersion = "Xcode 3.2";
			developmentRegion = English;
			hasScannedForEncodings = 0;
			knownRegions = (
				en,
				Base,
			);
			mainGroup = 737241391E4EBFD6006F6E49;
			productRefGroup = 737241431E4EBFD6006F6E49 /* Products */;
			projectDirPath = "";
			projectRoot = "";
			targets = (
				737241411E4EBFD6006F6E49 /* TheFinalProject */,
			);
		};
/* End PBXProject section */

/* Begin PBXResourcesBuildPhase section */
		737241401E4EBFD6006F6E49 /* Resources */ = {
			isa = PBXResourcesBuildPhase;
			buildActionMask = 2147483647;
			files = (
				732B3A361E928A08002B31A9 /* SubmissionCollectionViewCell.xib in Resources */,
				736E78B51E6CCB56007C7EA8 /* GoogleService-Info.plist in Resources */,
				7372414D1E4EBFD6006F6E49 /* Assets.xcassets in Resources */,
				732B3A331E928940002B31A9 /* Main.storyboard in Resources */,
				732B3A321E928940002B31A9 /* LaunchScreen.storyboard in Resources */,
			);
			runOnlyForDeploymentPostprocessing = 0;
		};
/* End PBXResourcesBuildPhase section */

/* Begin PBXShellScriptBuildPhase section */
		0A3912E80A49F00A1F9E6F32 /* [CP] Embed Pods Frameworks */ = {
			isa = PBXShellScriptBuildPhase;
			buildActionMask = 2147483647;
			files = (
			);
			inputPaths = (
			);
			name = "[CP] Embed Pods Frameworks";
			outputPaths = (
			);
			runOnlyForDeploymentPostprocessing = 0;
			shellPath = /bin/sh;
			shellScript = "\"${SRCROOT}/Pods/Target Support Files/Pods-TheFinalProject/Pods-TheFinalProject-frameworks.sh\"\n";
			showEnvVarsInLog = 0;
		};
		6507DF9CA1921F2B627486C1 /* [CP] Copy Pods Resources */ = {
			isa = PBXShellScriptBuildPhase;
			buildActionMask = 2147483647;
			files = (
			);
			inputPaths = (
			);
			name = "[CP] Copy Pods Resources";
			outputPaths = (
			);
			runOnlyForDeploymentPostprocessing = 0;
			shellPath = /bin/sh;
			shellScript = "\"${SRCROOT}/Pods/Target Support Files/Pods-TheFinalProject/Pods-TheFinalProject-resources.sh\"\n";
			showEnvVarsInLog = 0;
		};
		989E7078801B72B2D7FF6EC0 /* [CP] Check Pods Manifest.lock */ = {
			isa = PBXShellScriptBuildPhase;
			buildActionMask = 2147483647;
			files = (
			);
			inputPaths = (
			);
			name = "[CP] Check Pods Manifest.lock";
			outputPaths = (
			);
			runOnlyForDeploymentPostprocessing = 0;
			shellPath = /bin/sh;
			shellScript = "diff \"${PODS_ROOT}/../Podfile.lock\" \"${PODS_ROOT}/Manifest.lock\" > /dev/null\nif [ $? != 0 ] ; then\n    # print error to STDERR\n    echo \"error: The sandbox is not in sync with the Podfile.lock. Run 'pod install' or update your CocoaPods installation.\" >&2\n    exit 1\nfi\n";
			showEnvVarsInLog = 0;
		};
/* End PBXShellScriptBuildPhase section */

/* Begin PBXSourcesBuildPhase section */
		7372413E1E4EBFD6006F6E49 /* Sources */ = {
			isa = PBXSourcesBuildPhase;
			buildActionMask = 2147483647;
			files = (
				732B3A381E928D98002B31A9 /* SubmissionCollectionViewCell.swift in Sources */,
				732B3A2A1E91DDBC002B31A9 /* FeedViewController.swift in Sources */,
				739D87E81ED54DF50094C835 /* CloudKitManager.swift in Sources */,
				7384B4871EBADF40005F4E4B /* NetworkController+Meme.swift in Sources */,
				736E78B71E6CCB94007C7EA8 /* FirebaseController.swift in Sources */,
				73A6C7261E862B3300751051 /* DateHelper.swift in Sources */,
				73BE1B281E8A292D0088CC03 /* UserController.swift in Sources */,
				73BE1B2A1E8A29330088CC03 /* SubmissionController.swift in Sources */,
				7384B47F1EB91C3E005F4E4B /* FacebookAPIController.swift in Sources */,
				73B5A1BC1E6CBAD300ED8EDB /* Submission.swift in Sources */,
				73F3AB991ED153060073456C /* NewSubmissionViewController.swift in Sources */,
				737241461E4EBFD6006F6E49 /* AppDelegate.swift in Sources */,
				73B5A1BE1E6CBB0B00ED8EDB /* Vote.swift in Sources */,
				73364C281ED6A83E0057DE6C /* UIColorExtension.swift in Sources */,
				73BDFCDC1E9458400019CB57 /* NetworkController.swift in Sources */,
				73F132FF1ED5ED6000B102F8 /* ColorView.swift in Sources */,
				73A6C7241E8615AD00751051 /* FirebaseController+Meme.swift in Sources */,
				73BDFCD81E9365C70019CB57 /* NSNotification+Meme.swift in Sources */,
				739D87E61ED51FF50094C835 /* ProfileViewController.swift in Sources */,
				73B5A1B81E6CBA5400ED8EDB /* Meme.swift in Sources */,
				73BE1B2C1E8A293B0088CC03 /* VoteController.swift in Sources */,
				73BE1B261E8A28F90088CC03 /* MemeController.swift in Sources */,
				7384B4891EBAF136005F4E4B /* Generator.swift in Sources */,
				738D3ACB1ECEB691006EA799 /* AutoClassNameable.swift in Sources */,
				73B5A1BA1E6CBA7700ED8EDB /* User.swift in Sources */,
				7396E0471E90A9B500EEB6FE /* Controller.swift in Sources */,
			);
			runOnlyForDeploymentPostprocessing = 0;
		};
/* End PBXSourcesBuildPhase section */

/* Begin PBXVariantGroup section */
		732B3A2E1E928940002B31A9 /* LaunchScreen.storyboard */ = {
			isa = PBXVariantGroup;
			children = (
				732B3A2F1E928940002B31A9 /* Base */,
			);
			name = LaunchScreen.storyboard;
			sourceTree = "<group>";
		};
		732B3A301E928940002B31A9 /* Main.storyboard */ = {
			isa = PBXVariantGroup;
			children = (
				732B3A311E928940002B31A9 /* Base */,
			);
			name = Main.storyboard;
			sourceTree = "<group>";
		};
		732B3A341E928A08002B31A9 /* SubmissionCollectionViewCell.xib */ = {
			isa = PBXVariantGroup;
			children = (
				732B3A351E928A08002B31A9 /* Base */,
			);
			name = SubmissionCollectionViewCell.xib;
			sourceTree = "<group>";
		};
/* End PBXVariantGroup section */

/* Begin XCBuildConfiguration section */
		737241521E4EBFD6006F6E49 /* Debug */ = {
			isa = XCBuildConfiguration;
			buildSettings = {
				ALWAYS_SEARCH_USER_PATHS = NO;
				CLANG_ANALYZER_NONNULL = YES;
				CLANG_CXX_LANGUAGE_STANDARD = "gnu++0x";
				CLANG_CXX_LIBRARY = "libc++";
				CLANG_ENABLE_MODULES = YES;
				CLANG_ENABLE_OBJC_ARC = YES;
				CLANG_WARN_BOOL_CONVERSION = YES;
				CLANG_WARN_CONSTANT_CONVERSION = YES;
				CLANG_WARN_DIRECT_OBJC_ISA_USAGE = YES_ERROR;
				CLANG_WARN_DOCUMENTATION_COMMENTS = YES;
				CLANG_WARN_EMPTY_BODY = YES;
				CLANG_WARN_ENUM_CONVERSION = YES;
				CLANG_WARN_INFINITE_RECURSION = YES;
				CLANG_WARN_INT_CONVERSION = YES;
				CLANG_WARN_OBJC_ROOT_CLASS = YES_ERROR;
				CLANG_WARN_SUSPICIOUS_MOVE = YES;
				CLANG_WARN_UNREACHABLE_CODE = YES;
				CLANG_WARN__DUPLICATE_METHOD_MATCH = YES;
				"CODE_SIGN_IDENTITY[sdk=iphoneos*]" = "iPhone Developer";
				COPY_PHASE_STRIP = NO;
				DEBUG_INFORMATION_FORMAT = dwarf;
				ENABLE_STRICT_OBJC_MSGSEND = YES;
				ENABLE_TESTABILITY = YES;
				GCC_C_LANGUAGE_STANDARD = gnu99;
				GCC_DYNAMIC_NO_PIC = NO;
				GCC_NO_COMMON_BLOCKS = YES;
				GCC_OPTIMIZATION_LEVEL = 0;
				GCC_PREPROCESSOR_DEFINITIONS = (
					"DEBUG=1",
					"$(inherited)",
				);
				GCC_WARN_64_TO_32_BIT_CONVERSION = YES;
				GCC_WARN_ABOUT_RETURN_TYPE = YES_ERROR;
				GCC_WARN_UNDECLARED_SELECTOR = YES;
				GCC_WARN_UNINITIALIZED_AUTOS = YES_AGGRESSIVE;
				GCC_WARN_UNUSED_FUNCTION = YES;
				GCC_WARN_UNUSED_VARIABLE = YES;
				IPHONEOS_DEPLOYMENT_TARGET = 10.2;
				MTL_ENABLE_DEBUG_INFO = YES;
				ONLY_ACTIVE_ARCH = YES;
				SDKROOT = iphoneos;
				SWIFT_ACTIVE_COMPILATION_CONDITIONS = DEBUG;
				SWIFT_OPTIMIZATION_LEVEL = "-Onone";
				TARGETED_DEVICE_FAMILY = "1,2";
			};
			name = Debug;
		};
		737241531E4EBFD6006F6E49 /* Release */ = {
			isa = XCBuildConfiguration;
			buildSettings = {
				ALWAYS_SEARCH_USER_PATHS = NO;
				CLANG_ANALYZER_NONNULL = YES;
				CLANG_CXX_LANGUAGE_STANDARD = "gnu++0x";
				CLANG_CXX_LIBRARY = "libc++";
				CLANG_ENABLE_MODULES = YES;
				CLANG_ENABLE_OBJC_ARC = YES;
				CLANG_WARN_BOOL_CONVERSION = YES;
				CLANG_WARN_CONSTANT_CONVERSION = YES;
				CLANG_WARN_DIRECT_OBJC_ISA_USAGE = YES_ERROR;
				CLANG_WARN_DOCUMENTATION_COMMENTS = YES;
				CLANG_WARN_EMPTY_BODY = YES;
				CLANG_WARN_ENUM_CONVERSION = YES;
				CLANG_WARN_INFINITE_RECURSION = YES;
				CLANG_WARN_INT_CONVERSION = YES;
				CLANG_WARN_OBJC_ROOT_CLASS = YES_ERROR;
				CLANG_WARN_SUSPICIOUS_MOVE = YES;
				CLANG_WARN_UNREACHABLE_CODE = YES;
				CLANG_WARN__DUPLICATE_METHOD_MATCH = YES;
				"CODE_SIGN_IDENTITY[sdk=iphoneos*]" = "iPhone Developer";
				COPY_PHASE_STRIP = NO;
				DEBUG_INFORMATION_FORMAT = "dwarf-with-dsym";
				ENABLE_NS_ASSERTIONS = NO;
				ENABLE_STRICT_OBJC_MSGSEND = YES;
				GCC_C_LANGUAGE_STANDARD = gnu99;
				GCC_NO_COMMON_BLOCKS = YES;
				GCC_WARN_64_TO_32_BIT_CONVERSION = YES;
				GCC_WARN_ABOUT_RETURN_TYPE = YES_ERROR;
				GCC_WARN_UNDECLARED_SELECTOR = YES;
				GCC_WARN_UNINITIALIZED_AUTOS = YES_AGGRESSIVE;
				GCC_WARN_UNUSED_FUNCTION = YES;
				GCC_WARN_UNUSED_VARIABLE = YES;
				IPHONEOS_DEPLOYMENT_TARGET = 10.2;
				MTL_ENABLE_DEBUG_INFO = NO;
				SDKROOT = iphoneos;
				SWIFT_OPTIMIZATION_LEVEL = "-Owholemodule";
				TARGETED_DEVICE_FAMILY = "1,2";
				VALIDATE_PRODUCT = YES;
			};
			name = Release;
		};
		737241551E4EBFD6006F6E49 /* Debug */ = {
			isa = XCBuildConfiguration;
			baseConfigurationReference = A7FA2A60A6F6DB713F75FA9F /* Pods-TheFinalProject.debug.xcconfig */;
			buildSettings = {
				ASSETCATALOG_COMPILER_APPICON_NAME = AppIcon;
				CODE_SIGN_ENTITLEMENTS = TheFinalProject/TheFinalProject.entitlements;
				DEVELOPMENT_TEAM = 4UKSSV9PZ8;
				FRAMEWORK_SEARCH_PATHS = (
					"$(inherited)",
					"$(PROJECT_DIR)/FacebookSDKs-iOS-4.20.2",
				);
				INFOPLIST_FILE = TheFinalProject/Info.plist;
				LD_RUNPATH_SEARCH_PATHS = "$(inherited) @executable_path/Frameworks";
				PRODUCT_BUNDLE_IDENTIFIER = com.mikeC.TheFinalProject;
				PRODUCT_NAME = "$(TARGET_NAME)";
				SWIFT_VERSION = 3.0;
			};
			name = Debug;
		};
		737241561E4EBFD6006F6E49 /* Release */ = {
			isa = XCBuildConfiguration;
			baseConfigurationReference = 2351777A5C420DBDA888BFE9 /* Pods-TheFinalProject.release.xcconfig */;
			buildSettings = {
				ASSETCATALOG_COMPILER_APPICON_NAME = AppIcon;
				CODE_SIGN_ENTITLEMENTS = TheFinalProject/TheFinalProject.entitlements;
				DEVELOPMENT_TEAM = 4UKSSV9PZ8;
				FRAMEWORK_SEARCH_PATHS = (
					"$(inherited)",
					"$(PROJECT_DIR)/FacebookSDKs-iOS-4.20.2",
				);
				INFOPLIST_FILE = TheFinalProject/Info.plist;
				LD_RUNPATH_SEARCH_PATHS = "$(inherited) @executable_path/Frameworks";
				PRODUCT_BUNDLE_IDENTIFIER = com.mikeC.TheFinalProject;
				PRODUCT_NAME = "$(TARGET_NAME)";
				SWIFT_VERSION = 3.0;
			};
			name = Release;
		};
/* End XCBuildConfiguration section */

/* Begin XCConfigurationList section */
		7372413D1E4EBFD6006F6E49 /* Build configuration list for PBXProject "TheFinalProject" */ = {
			isa = XCConfigurationList;
			buildConfigurations = (
				737241521E4EBFD6006F6E49 /* Debug */,
				737241531E4EBFD6006F6E49 /* Release */,
			);
			defaultConfigurationIsVisible = 0;
			defaultConfigurationName = Release;
		};
		737241541E4EBFD6006F6E49 /* Build configuration list for PBXNativeTarget "TheFinalProject" */ = {
			isa = XCConfigurationList;
			buildConfigurations = (
				737241551E4EBFD6006F6E49 /* Debug */,
				737241561E4EBFD6006F6E49 /* Release */,
			);
			defaultConfigurationIsVisible = 0;
			defaultConfigurationName = Release;
		};
/* End XCConfigurationList section */
	};
	rootObject = 7372413A1E4EBFD6006F6E49 /* Project object */;
}
