// !$*UTF8*$!
{
	archiveVersion = 1;
	classes = {
	};
	objectVersion = 46;
	objects = {

/* Begin PBXBuildFile section */
		737241461E4EBFD6006F6E49 /* AppDelegate.swift in Sources */ = {isa = PBXBuildFile; fileRef = 737241451E4EBFD6006F6E49 /* AppDelegate.swift */; };
		737241481E4EBFD6006F6E49 /* ViewController.swift in Sources */ = {isa = PBXBuildFile; fileRef = 737241471E4EBFD6006F6E49 /* ViewController.swift */; };
		7372414B1E4EBFD6006F6E49 /* Main.storyboard in Resources */ = {isa = PBXBuildFile; fileRef = 737241491E4EBFD6006F6E49 /* Main.storyboard */; };
		7372414D1E4EBFD6006F6E49 /* Assets.xcassets in Resources */ = {isa = PBXBuildFile; fileRef = 7372414C1E4EBFD6006F6E49 /* Assets.xcassets */; };
		737241501E4EBFD6006F6E49 /* LaunchScreen.storyboard in Resources */ = {isa = PBXBuildFile; fileRef = 7372414E1E4EBFD6006F6E49 /* LaunchScreen.storyboard */; };
/* End PBXBuildFile section */

/* Begin PBXFileReference section */
		737241421E4EBFD6006F6E49 /* TheFinalProject.app */ = {isa = PBXFileReference; explicitFileType = wrapper.application; includeInIndex = 0; path = TheFinalProject.app; sourceTree = BUILT_PRODUCTS_DIR; };
		737241451E4EBFD6006F6E49 /* AppDelegate.swift */ = {isa = PBXFileReference; lastKnownFileType = sourcecode.swift; path = AppDelegate.swift; sourceTree = "<group>"; };
		737241471E4EBFD6006F6E49 /* ViewController.swift */ = {isa = PBXFileReference; lastKnownFileType = sourcecode.swift; path = ViewController.swift; sourceTree = "<group>"; };
		7372414A1E4EBFD6006F6E49 /* Base */ = {isa = PBXFileReference; lastKnownFileType = file.storyboard; name = Base; path = Base.lproj/Main.storyboard; sourceTree = "<group>"; };
		7372414C1E4EBFD6006F6E49 /* Assets.xcassets */ = {isa = PBXFileReference; lastKnownFileType = folder.assetcatalog; path = Assets.xcassets; sourceTree = "<group>"; };
		7372414F1E4EBFD6006F6E49 /* Base */ = {isa = PBXFileReference; lastKnownFileType = file.storyboard; name = Base; path = Base.lproj/LaunchScreen.storyboard; sourceTree = "<group>"; };
		737241511E4EBFD6006F6E49 /* Info.plist */ = {isa = PBXFileReference; lastKnownFileType = text.plist.xml; path = Info.plist; sourceTree = "<group>"; };
/* End PBXFileReference section */

/* Begin PBXFrameworksBuildPhase section */
		7372413F1E4EBFD6006F6E49 /* Frameworks */ = {
			isa = PBXFrameworksBuildPhase;
			buildActionMask = 2147483647;
			files = (
			);
			runOnlyForDeploymentPostprocessing = 0;
		};
/* End PBXFrameworksBuildPhase section */

/* Begin PBXGroup section */
		737241391E4EBFD6006F6E49 = {
			isa = PBXGroup;
			children = (
				737241441E4EBFD6006F6E49 /* TheFinalProject */,
				737241431E4EBFD6006F6E49 /* Products */,
			);
			sourceTree = "<group>";
		};
		737241431E4EBFD6006F6E49 /* Products */ = {
			isa = PBXGroup;
			children = (
				737241421E4EBFD6006F6E49 /* TheFinalProject.app */,
			);
			name = Products;
			sourceTree = "<group>";
		};
		737241441E4EBFD6006F6E49 /* TheFinalProject */ = {
			isa = PBXGroup;
			children = (
				737241451E4EBFD6006F6E49 /* AppDelegate.swift */,
				737241471E4EBFD6006F6E49 /* ViewController.swift */,
				737241491E4EBFD6006F6E49 /* Main.storyboard */,
				7372414C1E4EBFD6006F6E49 /* Assets.xcassets */,
				7372414E1E4EBFD6006F6E49 /* LaunchScreen.storyboard */,
				737241511E4EBFD6006F6E49 /* Info.plist */,
			);
			path = TheFinalProject;
			sourceTree = "<group>";
		};
/* End PBXGroup section */

/* Begin PBXNativeTarget section */
		737241411E4EBFD6006F6E49 /* TheFinalProject */ = {
			isa = PBXNativeTarget;
			buildConfigurationList = 737241541E4EBFD6006F6E49 /* Build configuration list for PBXNativeTarget "TheFinalProject" */;
			buildPhases = (
				7372413E1E4EBFD6006F6E49 /* Sources */,
				7372413F1E4EBFD6006F6E49 /* Frameworks */,
				737241401E4EBFD6006F6E49 /* Resources */,
			);
			buildRules = (
			);
			dependencies = (
			);
			name = TheFinalProject;
			productName = TheFinalProject;
			productReference = 737241421E4EBFD6006F6E49 /* TheFinalProject.app */;
			productType = "com.apple.product-type.application";
		};
/* End PBXNativeTarget section */

/* Begin PBXProject section */
		7372413A1E4EBFD6006F6E49 /* Project object */ = {
			isa = PBXProject;
			attributes = {
				LastSwiftUpdateCheck = 0820;
				LastUpgradeCheck = 0820;
				ORGANIZATIONNAME = "Michael Castillo";
				TargetAttributes = {
					737241411E4EBFD6006F6E49 = {
						CreatedOnToolsVersion = 8.2.1;
						ProvisioningStyle = Automatic;
					};
				};
			};
			buildConfigurationList = 7372413D1E4EBFD6006F6E49 /* Build configuration list for PBXProject "TheFinalProject" */;
			compatibilityVersion = "Xcode 3.2";
			developmentRegion = English;
			hasScannedForEncodings = 0;
			knownRegions = (
				en,
				Base,
			);
			mainGroup = 737241391E4EBFD6006F6E49;
			productRefGroup = 737241431E4EBFD6006F6E49 /* Products */;
			projectDirPath = "";
			projectRoot = "";
			targets = (
				737241411E4EBFD6006F6E49 /* TheFinalProject */,
			);
		};
/* End PBXProject section */

/* Begin PBXResourcesBuildPhase section */
		737241401E4EBFD6006F6E49 /* Resources */ = {
			isa = PBXResourcesBuildPhase;
			buildActionMask = 2147483647;
			files = (
				737241501E4EBFD6006F6E49 /* LaunchScreen.storyboard in Resources */,
				7372414D1E4EBFD6006F6E49 /* Assets.xcassets in Resources */,
				7372414B1E4EBFD6006F6E49 /* Main.storyboard in Resources */,
			);
			runOnlyForDeploymentPostprocessing = 0;
		};
/* End PBXResourcesBuildPhase section */

/* Begin PBXSourcesBuildPhase section */
		7372413E1E4EBFD6006F6E49 /* Sources */ = {
			isa = PBXSourcesBuildPhase;
			buildActionMask = 2147483647;
			files = (
				737241481E4EBFD6006F6E49 /* ViewController.swift in Sources */,
				737241461E4EBFD6006F6E49 /* AppDelegate.swift in Sources */,
			);
			runOnlyForDeploymentPostprocessing = 0;
		};
/* End PBXSourcesBuildPhase section */

/* Begin PBXVariantGroup section */
		737241491E4EBFD6006F6E49 /* Main.storyboard */ = {
			isa = PBXVariantGroup;
			children = (
				7372414A1E4EBFD6006F6E49 /* Base */,
			);
			name = Main.storyboard;
			sourceTree = "<group>";
		};
		7372414E1E4EBFD6006F6E49 /* LaunchScreen.storyboard */ = {
			isa = PBXVariantGroup;
			children = (
				7372414F1E4EBFD6006F6E49 /* Base */,
			);
			name = LaunchScreen.storyboard;
			sourceTree = "<group>";
		};
/* End PBXVariantGroup section */

/* Begin XCBuildConfiguration section */
		737241521E4EBFD6006F6E49 /* Debug */ = {
			isa = XCBuildConfiguration;
			buildSettings = {
				ALWAYS_SEARCH_USER_PATHS = NO;
				CLANG_ANALYZER_NONNULL = YES;
				CLANG_CXX_LANGUAGE_STANDARD = "gnu++0x";
				CLANG_CXX_LIBRARY = "libc++";
				CLANG_ENABLE_MODULES = YES;
				CLANG_ENABLE_OBJC_ARC = YES;
				CLANG_WARN_BOOL_CONVERSION = YES;
				CLANG_WARN_CONSTANT_CONVERSION = YES;
				CLANG_WARN_DIRECT_OBJC_ISA_USAGE = YES_ERROR;
				CLANG_WARN_DOCUMENTATION_COMMENTS = YES;
				CLANG_WARN_EMPTY_BODY = YES;
				CLANG_WARN_ENUM_CONVERSION = YES;
				CLANG_WARN_INFINITE_RECURSION = YES;
				CLANG_WARN_INT_CONVERSION = YES;
				CLANG_WARN_OBJC_ROOT_CLASS = YES_ERROR;
				CLANG_WARN_SUSPICIOUS_MOVE = YES;
				CLANG_WARN_UNREACHABLE_CODE = YES;
				CLANG_WARN__DUPLICATE_METHOD_MATCH = YES;
				"CODE_SIGN_IDENTITY[sdk=iphoneos*]" = "iPhone Developer";
				COPY_PHASE_STRIP = NO;
				DEBUG_INFORMATION_FORMAT = dwarf;
				ENABLE_STRICT_OBJC_MSGSEND = YES;
				ENABLE_TESTABILITY = YES;
				GCC_C_LANGUAGE_STANDARD = gnu99;
				GCC_DYNAMIC_NO_PIC = NO;
				GCC_NO_COMMON_BLOCKS = YES;
				GCC_OPTIMIZATION_LEVEL = 0;
				GCC_PREPROCESSOR_DEFINITIONS = (
					"DEBUG=1",
					"$(inherited)",
				);
				GCC_WARN_64_TO_32_BIT_CONVERSION = YES;
				GCC_WARN_ABOUT_RETURN_TYPE = YES_ERROR;
				GCC_WARN_UNDECLARED_SELECTOR = YES;
				GCC_WARN_UNINITIALIZED_AUTOS = YES_AGGRESSIVE;
				GCC_WARN_UNUSED_FUNCTION = YES;
				GCC_WARN_UNUSED_VARIABLE = YES;
				IPHONEOS_DEPLOYMENT_TARGET = 10.2;
				MTL_ENABLE_DEBUG_INFO = YES;
				ONLY_ACTIVE_ARCH = YES;
				SDKROOT = iphoneos;
				SWIFT_ACTIVE_COMPILATION_CONDITIONS = DEBUG;
				SWIFT_OPTIMIZATION_LEVEL = "-Onone";
				TARGETED_DEVICE_FAMILY = "1,2";
			};
			name = Debug;
		};
		737241531E4EBFD6006F6E49 /* Release */ = {
			isa = XCBuildConfiguration;
			buildSettings = {
				ALWAYS_SEARCH_USER_PATHS = NO;
				CLANG_ANALYZER_NONNULL = YES;
				CLANG_CXX_LANGUAGE_STANDARD = "gnu++0x";
				CLANG_CXX_LIBRARY = "libc++";
				CLANG_ENABLE_MODULES = YES;
				CLANG_ENABLE_OBJC_ARC = YES;
				CLANG_WARN_BOOL_CONVERSION = YES;
				CLANG_WARN_CONSTANT_CONVERSION = YES;
				CLANG_WARN_DIRECT_OBJC_ISA_USAGE = YES_ERROR;
				CLANG_WARN_DOCUMENTATION_COMMENTS = YES;
				CLANG_WARN_EMPTY_BODY = YES;
				CLANG_WARN_ENUM_CONVERSION = YES;
				CLANG_WARN_INFINITE_RECURSION = YES;
				CLANG_WARN_INT_CONVERSION = YES;
				CLANG_WARN_OBJC_ROOT_CLASS = YES_ERROR;
				CLANG_WARN_SUSPICIOUS_MOVE = YES;
				CLANG_WARN_UNREACHABLE_CODE = YES;
				CLANG_WARN__DUPLICATE_METHOD_MATCH = YES;
				"CODE_SIGN_IDENTITY[sdk=iphoneos*]" = "iPhone Developer";
				COPY_PHASE_STRIP = NO;
				DEBUG_INFORMATION_FORMAT = "dwarf-with-dsym";
				ENABLE_NS_ASSERTIONS = NO;
				ENABLE_STRICT_OBJC_MSGSEND = YES;
				GCC_C_LANGUAGE_STANDARD = gnu99;
				GCC_NO_COMMON_BLOCKS = YES;
				GCC_WARN_64_TO_32_BIT_CONVERSION = YES;
				GCC_WARN_ABOUT_RETURN_TYPE = YES_ERROR;
				GCC_WARN_UNDECLARED_SELECTOR = YES;
				GCC_WARN_UNINITIALIZED_AUTOS = YES_AGGRESSIVE;
				GCC_WARN_UNUSED_FUNCTION = YES;
				GCC_WARN_UNUSED_VARIABLE = YES;
				IPHONEOS_DEPLOYMENT_TARGET = 10.2;
				MTL_ENABLE_DEBUG_INFO = NO;
				SDKROOT = iphoneos;
				SWIFT_OPTIMIZATION_LEVEL = "-Owholemodule";
				TARGETED_DEVICE_FAMILY = "1,2";
				VALIDATE_PRODUCT = YES;
			};
			name = Release;
		};
		737241551E4EBFD6006F6E49 /* Debug */ = {
			isa = XCBuildConfiguration;
			buildSettings = {
				ASSETCATALOG_COMPILER_APPICON_NAME = AppIcon;
				INFOPLIST_FILE = TheFinalProject/Info.plist;
				LD_RUNPATH_SEARCH_PATHS = "$(inherited) @executable_path/Frameworks";
				PRODUCT_BUNDLE_IDENTIFIER = com.mikeC.TheFinalProject;
				PRODUCT_NAME = "$(TARGET_NAME)";
				SWIFT_VERSION = 3.0;
			};
			name = Debug;
		};
		737241561E4EBFD6006F6E49 /* Release */ = {
			isa = XCBuildConfiguration;
			buildSettings = {
				ASSETCATALOG_COMPILER_APPICON_NAME = AppIcon;
				INFOPLIST_FILE = TheFinalProject/Info.plist;
				LD_RUNPATH_SEARCH_PATHS = "$(inherited) @executable_path/Frameworks";
				PRODUCT_BUNDLE_IDENTIFIER = com.mikeC.TheFinalProject;
				PRODUCT_NAME = "$(TARGET_NAME)";
				SWIFT_VERSION = 3.0;
			};
			name = Release;
		};
/* End XCBuildConfiguration section */

/* Begin XCConfigurationList section */
		7372413D1E4EBFD6006F6E49 /* Build configuration list for PBXProject "TheFinalProject" */ = {
			isa = XCConfigurationList;
			buildConfigurations = (
				737241521E4EBFD6006F6E49 /* Debug */,
				737241531E4EBFD6006F6E49 /* Release */,
			);
			defaultConfigurationIsVisible = 0;
			defaultConfigurationName = Release;
		};
		737241541E4EBFD6006F6E49 /* Build configuration list for PBXNativeTarget "TheFinalProject" */ = {
			isa = XCConfigurationList;
			buildConfigurations = (
				737241551E4EBFD6006F6E49 /* Debug */,
				737241561E4EBFD6006F6E49 /* Release */,
			);
			defaultConfigurationIsVisible = 0;
		};
/* End XCConfigurationList section */
	};
	rootObject = 7372413A1E4EBFD6006F6E49 /* Project object */;
}
